
Microsoft Visual Studio Solution File, Format Version 12.00
# Visual Studio Version 17
VisualStudioVersion = 17.13.35931.197 d17.13
MinimumVisualStudioVersion = 10.0.40219.1
Project("{FAE04EC0-301F-11D3-BF4B-00C04F79EFBC}") = "UnionFind", "UnionFind\UnionFind.csproj", "{ECDD427A-5569-4AE7-99B9-230D47B3FC81}"
EndProject
Global
	GlobalSection(SolutionConfigurationPlatforms) = preSolution
		Debug|Any CPU = Debug|Any CPU
		Release|Any CPU = Release|Any CPU
	EndGlobalSection
	GlobalSection(ProjectConfigurationPlatforms) = postSolution
		{ECDD427A-5569-4AE7-99B9-230D47B3FC81}.Debug|Any CPU.ActiveCfg = Debug|Any CPU
		{ECDD427A-5569-4AE7-99B9-230D47B3FC81}.Debug|Any CPU.Build.0 = Debug|Any CPU
		{ECDD427A-5569-4AE7-99B9-230D47B3FC81}.Release|Any CPU.ActiveCfg = Release|Any CPU
		{ECDD427A-5569-4AE7-99B9-230D47B3FC81}.Release|Any CPU.Build.0 = Release|Any CPU
	EndGlobalSection
	GlobalSection(SolutionProperties) = preSolution
		HideSolutionNode = FALSE
	EndGlobalSection
	GlobalSection(ExtensibilityGlobals) = postSolution
		SolutionGuid = {61DA4314-E354-4ACE-8D6C-8D9B07DEAE84}
	EndGlobalSection
EndGlobal
